
Microsoft Visual Studio Solution File, Format Version 12.00
# Visual Studio Version 17
VisualStudioVersion = 17.14.37111.16 d17.14
MinimumVisualStudioVersion = 10.0.40219.1
Project("{FAE04EC0-301F-11D3-BF4B-00C04F79EFBC}") = "BuilderPattern", "BuilderPattern\BuilderPattern.csproj", "{3A0855F8-2C4D-411B-8482-DE68D1EF2D3A}"
EndProject
Global
	GlobalSection(SolutionConfigurationPlatforms) = preSolution
		Debug|Any CPU = Debug|Any CPU
		Release|Any CPU = Release|Any CPU
	EndGlobalSection
	GlobalSection(ProjectConfigurationPlatforms) = postSolution
		{3A0855F8-2C4D-411B-8482-DE68D1EF2D3A}.Debug|Any CPU.ActiveCfg = Debug|Any CPU
		{3A0855F8-2C4D-411B-8482-DE68D1EF2D3A}.Debug|Any CPU.Build.0 = Debug|Any CPU
		{3A0855F8-2C4D-411B-8482-DE68D1EF2D3A}.Release|Any CPU.ActiveCfg = Release|Any CPU
		{3A0855F8-2C4D-411B-8482-DE68D1EF2D3A}.Release|Any CPU.Build.0 = Release|Any CPU
	EndGlobalSection
	GlobalSection(SolutionProperties) = preSolution
		HideSolutionNode = FALSE
	EndGlobalSection
	GlobalSection(ExtensibilityGlobals) = postSolution
		SolutionGuid = {406152D0-172A-4739-9025-CA095DA2637C}
	EndGlobalSection
EndGlobal
