
Microsoft Visual Studio Solution File, Format Version 12.00
# Visual Studio Version 17
VisualStudioVersion = 17.14.36603.0 d17.14
MinimumVisualStudioVersion = 10.0.40219.1
Project("{FAE04EC0-301F-11D3-BF4B-00C04F79EFBC}") = "GenericCollectionsDemo", "GenericCollectionsDemo\GenericCollectionsDemo.csproj", "{46D1E9B7-DD74-4566-9A4C-63F4B7C5B023}"
EndProject
Global
	GlobalSection(SolutionConfigurationPlatforms) = preSolution
		Debug|Any CPU = Debug|Any CPU
		Release|Any CPU = Release|Any CPU
	EndGlobalSection
	GlobalSection(ProjectConfigurationPlatforms) = postSolution
		{46D1E9B7-DD74-4566-9A4C-63F4B7C5B023}.Debug|Any CPU.ActiveCfg = Debug|Any CPU
		{46D1E9B7-DD74-4566-9A4C-63F4B7C5B023}.Debug|Any CPU.Build.0 = Debug|Any CPU
		{46D1E9B7-DD74-4566-9A4C-63F4B7C5B023}.Release|Any CPU.ActiveCfg = Release|Any CPU
		{46D1E9B7-DD74-4566-9A4C-63F4B7C5B023}.Release|Any CPU.Build.0 = Release|Any CPU
	EndGlobalSection
	GlobalSection(SolutionProperties) = preSolution
		HideSolutionNode = FALSE
	EndGlobalSection
	GlobalSection(ExtensibilityGlobals) = postSolution
		SolutionGuid = {93973219-3EC3-47DA-A329-23D7382D0031}
	EndGlobalSection
EndGlobal
