
Microsoft Visual Studio Solution File, Format Version 12.00
# Visual Studio Version 17
VisualStudioVersion = 17.14.36603.0 d17.14
MinimumVisualStudioVersion = 10.0.40219.1
Project("{FAE04EC0-301F-11D3-BF4B-00C04F79EFBC}") = "HasARelationship", "HasARelationship\HasARelationship.csproj", "{38D226B9-CA72-479F-B1F1-A993C203CB96}"
EndProject
Global
	GlobalSection(SolutionConfigurationPlatforms) = preSolution
		Debug|Any CPU = Debug|Any CPU
		Release|Any CPU = Release|Any CPU
	EndGlobalSection
	GlobalSection(ProjectConfigurationPlatforms) = postSolution
		{38D226B9-CA72-479F-B1F1-A993C203CB96}.Debug|Any CPU.ActiveCfg = Debug|Any CPU
		{38D226B9-CA72-479F-B1F1-A993C203CB96}.Debug|Any CPU.Build.0 = Debug|Any CPU
		{38D226B9-CA72-479F-B1F1-A993C203CB96}.Release|Any CPU.ActiveCfg = Release|Any CPU
		{38D226B9-CA72-479F-B1F1-A993C203CB96}.Release|Any CPU.Build.0 = Release|Any CPU
	EndGlobalSection
	GlobalSection(SolutionProperties) = preSolution
		HideSolutionNode = FALSE
	EndGlobalSection
	GlobalSection(ExtensibilityGlobals) = postSolution
		SolutionGuid = {AE7E6944-FA52-4B87-87B0-4647D510AB3E}
	EndGlobalSection
EndGlobal
