
Microsoft Visual Studio Solution File, Format Version 12.00
# Visual Studio Version 17
VisualStudioVersion = 17.14.36603.0
MinimumVisualStudioVersion = 10.0.40219.1
Project("{FAE04EC0-301F-11D3-BF4B-00C04F79EFBC}") = "DelegatesDemo", "DelegatesDemo\DelegatesDemo.csproj", "{2F4D0962-D2D3-4938-8918-ACA52130CE34}"
EndProject
Project("{FAE04EC0-301F-11D3-BF4B-00C04F79EFBC}") = "DelegateImplementation", "DelegateImplementation\DelegateImplementation.csproj", "{576E74C3-9713-45E8-972A-4EF843D90512}"
EndProject
Project("{FAE04EC0-301F-11D3-BF4B-00C04F79EFBC}") = "AnonymousDelegate", "AnonymousDelegate\AnonymousDelegate.csproj", "{5603616A-E4AE-470B-B7D6-03060CDDDBDB}"
EndProject
Project("{FAE04EC0-301F-11D3-BF4B-00C04F79EFBC}") = "GenericDelegate", "GenericDelegate\GenericDelegate.csproj", "{64A007B3-3D34-49EC-BEC9-D99DD3289CEB}"
EndProject
Global
	GlobalSection(SolutionConfigurationPlatforms) = preSolution
		Debug|Any CPU = Debug|Any CPU
		Release|Any CPU = Release|Any CPU
	EndGlobalSection
	GlobalSection(ProjectConfigurationPlatforms) = postSolution
		{2F4D0962-D2D3-4938-8918-ACA52130CE34}.Debug|Any CPU.ActiveCfg = Debug|Any CPU
		{2F4D0962-D2D3-4938-8918-ACA52130CE34}.Debug|Any CPU.Build.0 = Debug|Any CPU
		{2F4D0962-D2D3-4938-8918-ACA52130CE34}.Release|Any CPU.ActiveCfg = Release|Any CPU
		{2F4D0962-D2D3-4938-8918-ACA52130CE34}.Release|Any CPU.Build.0 = Release|Any CPU
		{576E74C3-9713-45E8-972A-4EF843D90512}.Debug|Any CPU.ActiveCfg = Debug|Any CPU
		{576E74C3-9713-45E8-972A-4EF843D90512}.Debug|Any CPU.Build.0 = Debug|Any CPU
		{576E74C3-9713-45E8-972A-4EF843D90512}.Release|Any CPU.ActiveCfg = Release|Any CPU
		{576E74C3-9713-45E8-972A-4EF843D90512}.Release|Any CPU.Build.0 = Release|Any CPU
		{5603616A-E4AE-470B-B7D6-03060CDDDBDB}.Debug|Any CPU.ActiveCfg = Debug|Any CPU
		{5603616A-E4AE-470B-B7D6-03060CDDDBDB}.Debug|Any CPU.Build.0 = Debug|Any CPU
		{5603616A-E4AE-470B-B7D6-03060CDDDBDB}.Release|Any CPU.ActiveCfg = Release|Any CPU
		{5603616A-E4AE-470B-B7D6-03060CDDDBDB}.Release|Any CPU.Build.0 = Release|Any CPU
		{64A007B3-3D34-49EC-BEC9-D99DD3289CEB}.Debug|Any CPU.ActiveCfg = Debug|Any CPU
		{64A007B3-3D34-49EC-BEC9-D99DD3289CEB}.Debug|Any CPU.Build.0 = Debug|Any CPU
		{64A007B3-3D34-49EC-BEC9-D99DD3289CEB}.Release|Any CPU.ActiveCfg = Release|Any CPU
		{64A007B3-3D34-49EC-BEC9-D99DD3289CEB}.Release|Any CPU.Build.0 = Release|Any CPU
	EndGlobalSection
	GlobalSection(SolutionProperties) = preSolution
		HideSolutionNode = FALSE
	EndGlobalSection
	GlobalSection(ExtensibilityGlobals) = postSolution
		SolutionGuid = {217C983E-D330-4B4B-833C-9EE489922A9B}
	EndGlobalSection
EndGlobal
