
Microsoft Visual Studio Solution File, Format Version 12.00
# Visual Studio Version 17
VisualStudioVersion = 17.14.36603.0 d17.14
MinimumVisualStudioVersion = 10.0.40219.1
Project("{FAE04EC0-301F-11D3-BF4B-00C04F79EFBC}") = "LINQDemo", "LINQDemo\LINQDemo.csproj", "{89575F9D-CA70-4A42-AE21-5202DE8C797D}"
EndProject
Global
	GlobalSection(SolutionConfigurationPlatforms) = preSolution
		Debug|Any CPU = Debug|Any CPU
		Release|Any CPU = Release|Any CPU
	EndGlobalSection
	GlobalSection(ProjectConfigurationPlatforms) = postSolution
		{89575F9D-CA70-4A42-AE21-5202DE8C797D}.Debug|Any CPU.ActiveCfg = Debug|Any CPU
		{89575F9D-CA70-4A42-AE21-5202DE8C797D}.Debug|Any CPU.Build.0 = Debug|Any CPU
		{89575F9D-CA70-4A42-AE21-5202DE8C797D}.Release|Any CPU.ActiveCfg = Release|Any CPU
		{89575F9D-CA70-4A42-AE21-5202DE8C797D}.Release|Any CPU.Build.0 = Release|Any CPU
	EndGlobalSection
	GlobalSection(SolutionProperties) = preSolution
		HideSolutionNode = FALSE
	EndGlobalSection
	GlobalSection(ExtensibilityGlobals) = postSolution
		SolutionGuid = {6C77DAA6-8C41-48EA-8A35-7FA14D73E233}
	EndGlobalSection
EndGlobal
