
Microsoft Visual Studio Solution File, Format Version 12.00
# Visual Studio Version 17
VisualStudioVersion = 17.14.36603.0 d17.14
MinimumVisualStudioVersion = 10.0.40219.1
Project("{FAE04EC0-301F-11D3-BF4B-00C04F79EFBC}") = "ClassAndObjects", "ClassAndObjects\ClassAndObjects.csproj", "{3A222FD6-D592-4EBF-82B0-433440D310C3}"
EndProject
Project("{FAE04EC0-301F-11D3-BF4B-00C04F79EFBC}") = "PersonLibrary", "PersonLibrary\PersonLibrary.csproj", "{A4B527AD-1FF3-4B13-9D88-8C397859948D}"
EndProject
Global
	GlobalSection(SolutionConfigurationPlatforms) = preSolution
		Debug|Any CPU = Debug|Any CPU
		Release|Any CPU = Release|Any CPU
	EndGlobalSection
	GlobalSection(ProjectConfigurationPlatforms) = postSolution
		{3A222FD6-D592-4EBF-82B0-433440D310C3}.Debug|Any CPU.ActiveCfg = Debug|Any CPU
		{3A222FD6-D592-4EBF-82B0-433440D310C3}.Debug|Any CPU.Build.0 = Debug|Any CPU
		{3A222FD6-D592-4EBF-82B0-433440D310C3}.Release|Any CPU.ActiveCfg = Release|Any CPU
		{3A222FD6-D592-4EBF-82B0-433440D310C3}.Release|Any CPU.Build.0 = Release|Any CPU
		{A4B527AD-1FF3-4B13-9D88-8C397859948D}.Debug|Any CPU.ActiveCfg = Debug|Any CPU
		{A4B527AD-1FF3-4B13-9D88-8C397859948D}.Debug|Any CPU.Build.0 = Debug|Any CPU
		{A4B527AD-1FF3-4B13-9D88-8C397859948D}.Release|Any CPU.ActiveCfg = Release|Any CPU
		{A4B527AD-1FF3-4B13-9D88-8C397859948D}.Release|Any CPU.Build.0 = Release|Any CPU
	EndGlobalSection
	GlobalSection(SolutionProperties) = preSolution
		HideSolutionNode = FALSE
	EndGlobalSection
	GlobalSection(ExtensibilityGlobals) = postSolution
		SolutionGuid = {AE02BFBD-5577-4D23-9E78-9E3B93409CE8}
	EndGlobalSection
EndGlobal
