
Microsoft Visual Studio Solution File, Format Version 12.00
# Visual Studio Version 17
VisualStudioVersion = 17.14.36603.0 d17.14
MinimumVisualStudioVersion = 10.0.40219.1
Project("{FAE04EC0-301F-11D3-BF4B-00C04F79EFBC}") = "NonGenericCollections", "NonGenericCollections\NonGenericCollections.csproj", "{169352D9-AE69-4EAB-8C92-4C52BD9949AD}"
EndProject
Global
	GlobalSection(SolutionConfigurationPlatforms) = preSolution
		Debug|Any CPU = Debug|Any CPU
		Release|Any CPU = Release|Any CPU
	EndGlobalSection
	GlobalSection(ProjectConfigurationPlatforms) = postSolution
		{169352D9-AE69-4EAB-8C92-4C52BD9949AD}.Debug|Any CPU.ActiveCfg = Debug|Any CPU
		{169352D9-AE69-4EAB-8C92-4C52BD9949AD}.Debug|Any CPU.Build.0 = Debug|Any CPU
		{169352D9-AE69-4EAB-8C92-4C52BD9949AD}.Release|Any CPU.ActiveCfg = Release|Any CPU
		{169352D9-AE69-4EAB-8C92-4C52BD9949AD}.Release|Any CPU.Build.0 = Release|Any CPU
	EndGlobalSection
	GlobalSection(SolutionProperties) = preSolution
		HideSolutionNode = FALSE
	EndGlobalSection
	GlobalSection(ExtensibilityGlobals) = postSolution
		SolutionGuid = {A2EA3FFF-5F2E-48C1-B669-F5A86AE4414F}
	EndGlobalSection
EndGlobal
