
Microsoft Visual Studio Solution File, Format Version 12.00
# Visual Studio Version 17
VisualStudioVersion = 17.14.36603.0 d17.14
MinimumVisualStudioVersion = 10.0.40219.1
Project("{FAE04EC0-301F-11D3-BF4B-00C04F79EFBC}") = "LINQ_FunctionaProgramming", "LINQ_FunctionaProgramming\LINQ_FunctionaProgramming.csproj", "{CE3CC3D3-0DB9-4CBF-81C2-B86D82008D30}"
EndProject
Global
	GlobalSection(SolutionConfigurationPlatforms) = preSolution
		Debug|Any CPU = Debug|Any CPU
		Release|Any CPU = Release|Any CPU
	EndGlobalSection
	GlobalSection(ProjectConfigurationPlatforms) = postSolution
		{CE3CC3D3-0DB9-4CBF-81C2-B86D82008D30}.Debug|Any CPU.ActiveCfg = Debug|Any CPU
		{CE3CC3D3-0DB9-4CBF-81C2-B86D82008D30}.Debug|Any CPU.Build.0 = Debug|Any CPU
		{CE3CC3D3-0DB9-4CBF-81C2-B86D82008D30}.Release|Any CPU.ActiveCfg = Release|Any CPU
		{CE3CC3D3-0DB9-4CBF-81C2-B86D82008D30}.Release|Any CPU.Build.0 = Release|Any CPU
	EndGlobalSection
	GlobalSection(SolutionProperties) = preSolution
		HideSolutionNode = FALSE
	EndGlobalSection
	GlobalSection(ExtensibilityGlobals) = postSolution
		SolutionGuid = {E62B03F0-7C7F-4B79-838C-DA37300CB753}
	EndGlobalSection
EndGlobal
