
Microsoft Visual Studio Solution File, Format Version 12.00
# Visual Studio Version 17
VisualStudioVersion = 17.14.37111.16 d17.14
MinimumVisualStudioVersion = 10.0.40219.1
Project("{FAE04EC0-301F-11D3-BF4B-00C04F79EFBC}") = "CalculationLibrary", "CalculationLibrary\CalculationLibrary.csproj", "{3FF60B1D-AB4D-42E6-834D-D159DBAB584E}"
EndProject
Project("{FAE04EC0-301F-11D3-BF4B-00C04F79EFBC}") = "CalculationTests", "CalculationTests\CalculationTests.csproj", "{D95DB459-3439-4F34-B849-E0C09DF7E52E}"
EndProject
Project("{FAE04EC0-301F-11D3-BF4B-00C04F79EFBC}") = "CalculationXUnitTestsLib", "CalculationXUnitTestsLib\CalculationXUnitTestsLib.csproj", "{7EA1A5DE-93A5-4853-90B6-F45088B669A7}"
EndProject
Global
	GlobalSection(SolutionConfigurationPlatforms) = preSolution
		Debug|Any CPU = Debug|Any CPU
		Release|Any CPU = Release|Any CPU
	EndGlobalSection
	GlobalSection(ProjectConfigurationPlatforms) = postSolution
		{3FF60B1D-AB4D-42E6-834D-D159DBAB584E}.Debug|Any CPU.ActiveCfg = Debug|Any CPU
		{3FF60B1D-AB4D-42E6-834D-D159DBAB584E}.Debug|Any CPU.Build.0 = Debug|Any CPU
		{3FF60B1D-AB4D-42E6-834D-D159DBAB584E}.Release|Any CPU.ActiveCfg = Release|Any CPU
		{3FF60B1D-AB4D-42E6-834D-D159DBAB584E}.Release|Any CPU.Build.0 = Release|Any CPU
		{D95DB459-3439-4F34-B849-E0C09DF7E52E}.Debug|Any CPU.ActiveCfg = Debug|Any CPU
		{D95DB459-3439-4F34-B849-E0C09DF7E52E}.Debug|Any CPU.Build.0 = Debug|Any CPU
		{D95DB459-3439-4F34-B849-E0C09DF7E52E}.Release|Any CPU.ActiveCfg = Release|Any CPU
		{D95DB459-3439-4F34-B849-E0C09DF7E52E}.Release|Any CPU.Build.0 = Release|Any CPU
		{7EA1A5DE-93A5-4853-90B6-F45088B669A7}.Debug|Any CPU.ActiveCfg = Debug|Any CPU
		{7EA1A5DE-93A5-4853-90B6-F45088B669A7}.Debug|Any CPU.Build.0 = Debug|Any CPU
		{7EA1A5DE-93A5-4853-90B6-F45088B669A7}.Release|Any CPU.ActiveCfg = Release|Any CPU
		{7EA1A5DE-93A5-4853-90B6-F45088B669A7}.Release|Any CPU.Build.0 = Release|Any CPU
	EndGlobalSection
	GlobalSection(SolutionProperties) = preSolution
		HideSolutionNode = FALSE
	EndGlobalSection
	GlobalSection(ExtensibilityGlobals) = postSolution
		SolutionGuid = {375E3C7D-5D12-4FFE-BEFB-C47FCE003846}
	EndGlobalSection
EndGlobal
