
Microsoft Visual Studio Solution File, Format Version 12.00
# Visual Studio Version 17
VisualStudioVersion = 17.14.36603.0 d17.14
MinimumVisualStudioVersion = 10.0.40219.1
Project("{FAE04EC0-301F-11D3-BF4B-00C04F79EFBC}") = "InterfaceDemo", "InterfaceDemo\InterfaceDemo.csproj", "{C379E90B-53BA-4F9D-8D5E-1B1D7685C53A}"
EndProject
Global
	GlobalSection(SolutionConfigurationPlatforms) = preSolution
		Debug|Any CPU = Debug|Any CPU
		Release|Any CPU = Release|Any CPU
	EndGlobalSection
	GlobalSection(ProjectConfigurationPlatforms) = postSolution
		{C379E90B-53BA-4F9D-8D5E-1B1D7685C53A}.Debug|Any CPU.ActiveCfg = Debug|Any CPU
		{C379E90B-53BA-4F9D-8D5E-1B1D7685C53A}.Debug|Any CPU.Build.0 = Debug|Any CPU
		{C379E90B-53BA-4F9D-8D5E-1B1D7685C53A}.Release|Any CPU.ActiveCfg = Release|Any CPU
		{C379E90B-53BA-4F9D-8D5E-1B1D7685C53A}.Release|Any CPU.Build.0 = Release|Any CPU
	EndGlobalSection
	GlobalSection(SolutionProperties) = preSolution
		HideSolutionNode = FALSE
	EndGlobalSection
	GlobalSection(ExtensibilityGlobals) = postSolution
		SolutionGuid = {61C26193-E6DA-41DD-B94E-92E6FA23267C}
	EndGlobalSection
EndGlobal
